
Microsoft Visual Studio Solution File, Format Version 12.00
# Visual Studio Version 17
VisualStudioVersion = 17.5.33424.131
MinimumVisualStudioVersion = 10.0.40219.1
Project("{9A19103F-16F7-4668-BE54-9A1E7A4F7556}") = "EmployeeDetails.Model", "EmployeeDetails.Model\EmployeeDetails.Model.csproj", "{F995AA31-14A6-4B36-A861-97035114A79F}"
EndProject
Project("{9A19103F-16F7-4668-BE54-9A1E7A4F7556}") = "EmployeeBlazorServerProject", "EmployeeBlazorServerProject\EmployeeBlazorServerProject.csproj", "{1F8B1332-FBC4-4DC7-A600-20D12A89DEF0}"
EndProject
Project("{FAE04EC0-301F-11D3-BF4B-00C04F79EFBC}") = "EmployeeMangement.Api", "EmployeeMangement.Api\EmployeeMangement.Api.csproj", "{8F9543A2-6583-47D9-9F3F-F0B1C71B41CB}"
EndProject
Global
	GlobalSection(SolutionConfigurationPlatforms) = preSolution
		Debug|Any CPU = Debug|Any CPU
		Release|Any CPU = Release|Any CPU
	EndGlobalSection
	GlobalSection(ProjectConfigurationPlatforms) = postSolution
		{F995AA31-14A6-4B36-A861-97035114A79F}.Debug|Any CPU.ActiveCfg = Debug|Any CPU
		{F995AA31-14A6-4B36-A861-97035114A79F}.Debug|Any CPU.Build.0 = Debug|Any CPU
		{F995AA31-14A6-4B36-A861-97035114A79F}.Release|Any CPU.ActiveCfg = Release|Any CPU
		{F995AA31-14A6-4B36-A861-97035114A79F}.Release|Any CPU.Build.0 = Release|Any CPU
		{1F8B1332-FBC4-4DC7-A600-20D12A89DEF0}.Debug|Any CPU.ActiveCfg = Debug|Any CPU
		{1F8B1332-FBC4-4DC7-A600-20D12A89DEF0}.Debug|Any CPU.Build.0 = Debug|Any CPU
		{1F8B1332-FBC4-4DC7-A600-20D12A89DEF0}.Release|Any CPU.ActiveCfg = Release|Any CPU
		{1F8B1332-FBC4-4DC7-A600-20D12A89DEF0}.Release|Any CPU.Build.0 = Release|Any CPU
		{8F9543A2-6583-47D9-9F3F-F0B1C71B41CB}.Debug|Any CPU.ActiveCfg = Debug|Any CPU
		{8F9543A2-6583-47D9-9F3F-F0B1C71B41CB}.Debug|Any CPU.Build.0 = Debug|Any CPU
		{8F9543A2-6583-47D9-9F3F-F0B1C71B41CB}.Release|Any CPU.ActiveCfg = Release|Any CPU
		{8F9543A2-6583-47D9-9F3F-F0B1C71B41CB}.Release|Any CPU.Build.0 = Release|Any CPU
	EndGlobalSection
	GlobalSection(SolutionProperties) = preSolution
		HideSolutionNode = FALSE
	EndGlobalSection
	GlobalSection(ExtensibilityGlobals) = postSolution
		SolutionGuid = {94CE30FD-5AC4-4372-807C-D0C0A2BDA950}
	EndGlobalSection
EndGlobal
